
Microsoft Visual Studio Solution File, Format Version 12.00
# Visual Studio Version 17
VisualStudioVersion = 17.6.33815.320
MinimumVisualStudioVersion = 10.0.40219.1
Project("{FAE04EC0-301F-11D3-BF4B-00C04F79EFBC}") = "ClassLibrary1", "ClassLibrary1\ClassLibrary1.csproj", "{F6A296C7-D6CE-4E3D-83ED-AD5A8570B455}"
EndProject
Global
	GlobalSection(SolutionConfigurationPlatforms) = preSolution
		Debug|Any CPU = Debug|Any CPU
		Release|Any CPU = Release|Any CPU
	EndGlobalSection
	GlobalSection(ProjectConfigurationPlatforms) = postSolution
		{F6A296C7-D6CE-4E3D-83ED-AD5A8570B455}.Debug|Any CPU.ActiveCfg = Debug|Any CPU
		{F6A296C7-D6CE-4E3D-83ED-AD5A8570B455}.Debug|Any CPU.Build.0 = Debug|Any CPU
		{F6A296C7-D6CE-4E3D-83ED-AD5A8570B455}.Release|Any CPU.ActiveCfg = Release|Any CPU
		{F6A296C7-D6CE-4E3D-83ED-AD5A8570B455}.Release|Any CPU.Build.0 = Release|Any CPU
	EndGlobalSection
	GlobalSection(SolutionProperties) = preSolution
		HideSolutionNode = FALSE
	EndGlobalSection
	GlobalSection(ExtensibilityGlobals) = postSolution
		SolutionGuid = {78BFA9AD-80C7-46AA-9787-4F8A7E166E99}
	EndGlobalSection
EndGlobal
